
Microsoft Visual Studio Solution File, Format Version 12.00
# Visual Studio 15
VisualStudioVersion = 15.0.27703.2026
MinimumVisualStudioVersion = 10.0.40219.1
Project("{2150E333-8FDC-42A3-9474-1A3956D46DE8}") = "src", "src", "{C3648DEC-8A93-4551-A598-B4455ACC693B}"
EndProject
Project("{2150E333-8FDC-42A3-9474-1A3956D46DE8}") = "services", "services", "{C48681A1-774D-42E0-9784-A07C923AA7C9}"
EndProject
Project("{FAE04EC0-301F-11D3-BF4B-00C04F79EFBC}") = "ProfductCatalogAPI", "ProfductCatalogAPI\ProfductCatalogAPI.csproj", "{C465AA96-152A-4331-A711-B9D9FB863AA4}"
EndProject
Project("{E53339B2-1760-4266-BCC7-CA923CBCF16C}") = "docker-compose", "docker-compose.dcproj", "{547349B8-0EE1-418C-8271-6E8D8E2025BD}"
EndProject
Global
	GlobalSection(SolutionConfigurationPlatforms) = preSolution
		Debug|Any CPU = Debug|Any CPU
		Release|Any CPU = Release|Any CPU
	EndGlobalSection
	GlobalSection(ProjectConfigurationPlatforms) = postSolution
		{C465AA96-152A-4331-A711-B9D9FB863AA4}.Debug|Any CPU.ActiveCfg = Debug|Any CPU
		{C465AA96-152A-4331-A711-B9D9FB863AA4}.Debug|Any CPU.Build.0 = Debug|Any CPU
		{C465AA96-152A-4331-A711-B9D9FB863AA4}.Release|Any CPU.ActiveCfg = Release|Any CPU
		{C465AA96-152A-4331-A711-B9D9FB863AA4}.Release|Any CPU.Build.0 = Release|Any CPU
		{547349B8-0EE1-418C-8271-6E8D8E2025BD}.Debug|Any CPU.ActiveCfg = Debug|Any CPU
		{547349B8-0EE1-418C-8271-6E8D8E2025BD}.Debug|Any CPU.Build.0 = Debug|Any CPU
		{547349B8-0EE1-418C-8271-6E8D8E2025BD}.Release|Any CPU.ActiveCfg = Release|Any CPU
		{547349B8-0EE1-418C-8271-6E8D8E2025BD}.Release|Any CPU.Build.0 = Release|Any CPU
	EndGlobalSection
	GlobalSection(SolutionProperties) = preSolution
		HideSolutionNode = FALSE
	EndGlobalSection
	GlobalSection(NestedProjects) = preSolution
		{C48681A1-774D-42E0-9784-A07C923AA7C9} = {C3648DEC-8A93-4551-A598-B4455ACC693B}
		{C465AA96-152A-4331-A711-B9D9FB863AA4} = {C48681A1-774D-42E0-9784-A07C923AA7C9}
	EndGlobalSection
	GlobalSection(ExtensibilityGlobals) = postSolution
		SolutionGuid = {1DF8BF77-1966-44A1-B3B3-692C715A02B3}
	EndGlobalSection
EndGlobal
